
Microsoft Visual Studio Solution File, Format Version 12.00
# Visual Studio Version 16
VisualStudioVersion = 16.0.29306.81
MinimumVisualStudioVersion = 10.0.40219.1
Project("{FAE04EC0-301F-11D3-BF4B-00C04F79EFBC}") = "PomodoriTimer.UWP", "danielCherrin_PomodoriTimer.UWP\PomodoriTimer.UWP.csproj", "{60BAD1FF-B14A-41DD-8145-4467AE1045A3}"
EndProject
Project("{FAE04EC0-301F-11D3-BF4B-00C04F79EFBC}") = "PomodoriTimer.Android", "danielCherrin_PomodoriTimer.Android\PomodoriTimer.Android.csproj", "{77F2FDF9-5148-4909-B936-91EAAFF325A0}"
EndProject
Project("{FAE04EC0-301F-11D3-BF4B-00C04F79EFBC}") = "PomodoriTimer.iOS", "danielCherrin_PomodoriTimer.iOS\PomodoriTimer.iOS.csproj", "{C412DC2A-EC90-47AF-A04A-E4606C5F8A4F}"
EndProject
Project("{9A19103F-16F7-4668-BE54-9A1E7A4F7556}") = "PomodoriTimer", "danielCherrin_PomodoriTimer\PomodoriTimer.csproj", "{44979B54-5E7B-4183-89BE-1462DEE11D93}"
EndProject
Global
	GlobalSection(SolutionConfigurationPlatforms) = preSolution
		Debug|Any CPU = Debug|Any CPU
		Debug|ARM = Debug|ARM
		Debug|iPhone = Debug|iPhone
		Debug|iPhoneSimulator = Debug|iPhoneSimulator
		Debug|x64 = Debug|x64
		Debug|x86 = Debug|x86
		Release|Any CPU = Release|Any CPU
		Release|ARM = Release|ARM
		Release|iPhone = Release|iPhone
		Release|iPhoneSimulator = Release|iPhoneSimulator
		Release|x64 = Release|x64
		Release|x86 = Release|x86
	EndGlobalSection
	GlobalSection(ProjectConfigurationPlatforms) = postSolution
		{60BAD1FF-B14A-41DD-8145-4467AE1045A3}.Debug|Any CPU.ActiveCfg = Debug|x86
		{60BAD1FF-B14A-41DD-8145-4467AE1045A3}.Debug|Any CPU.Build.0 = Debug|x86
		{60BAD1FF-B14A-41DD-8145-4467AE1045A3}.Debug|Any CPU.Deploy.0 = Debug|x86
		{60BAD1FF-B14A-41DD-8145-4467AE1045A3}.Debug|ARM.ActiveCfg = Debug|ARM
		{60BAD1FF-B14A-41DD-8145-4467AE1045A3}.Debug|ARM.Build.0 = Debug|ARM
		{60BAD1FF-B14A-41DD-8145-4467AE1045A3}.Debug|ARM.Deploy.0 = Debug|ARM
		{60BAD1FF-B14A-41DD-8145-4467AE1045A3}.Debug|iPhone.ActiveCfg = Debug|x86
		{60BAD1FF-B14A-41DD-8145-4467AE1045A3}.Debug|iPhone.Build.0 = Debug|x86
		{60BAD1FF-B14A-41DD-8145-4467AE1045A3}.Debug|iPhone.Deploy.0 = Debug|x86
		{60BAD1FF-B14A-41DD-8145-4467AE1045A3}.Debug|iPhoneSimulator.ActiveCfg = Debug|x86
		{60BAD1FF-B14A-41DD-8145-4467AE1045A3}.Debug|iPhoneSimulator.Build.0 = Debug|x86
		{60BAD1FF-B14A-41DD-8145-4467AE1045A3}.Debug|iPhoneSimulator.Deploy.0 = Debug|x86
		{60BAD1FF-B14A-41DD-8145-4467AE1045A3}.Debug|x64.ActiveCfg = Debug|x64
		{60BAD1FF-B14A-41DD-8145-4467AE1045A3}.Debug|x64.Build.0 = Debug|x64
		{60BAD1FF-B14A-41DD-8145-4467AE1045A3}.Debug|x64.Deploy.0 = Debug|x64
		{60BAD1FF-B14A-41DD-8145-4467AE1045A3}.Debug|x86.ActiveCfg = Debug|x86
		{60BAD1FF-B14A-41DD-8145-4467AE1045A3}.Debug|x86.Build.0 = Debug|x86
		{60BAD1FF-B14A-41DD-8145-4467AE1045A3}.Debug|x86.Deploy.0 = Debug|x86
		{60BAD1FF-B14A-41DD-8145-4467AE1045A3}.Release|Any CPU.ActiveCfg = Release|x86
		{60BAD1FF-B14A-41DD-8145-4467AE1045A3}.Release|Any CPU.Build.0 = Release|x86
		{60BAD1FF-B14A-41DD-8145-4467AE1045A3}.Release|Any CPU.Deploy.0 = Release|x86
		{60BAD1FF-B14A-41DD-8145-4467AE1045A3}.Release|ARM.ActiveCfg = Release|ARM
		{60BAD1FF-B14A-41DD-8145-4467AE1045A3}.Release|ARM.Build.0 = Release|ARM
		{60BAD1FF-B14A-41DD-8145-4467AE1045A3}.Release|ARM.Deploy.0 = Release|ARM
		{60BAD1FF-B14A-41DD-8145-4467AE1045A3}.Release|iPhone.ActiveCfg = Release|x86
		{60BAD1FF-B14A-41DD-8145-4467AE1045A3}.Release|iPhone.Build.0 = Release|x86
		{60BAD1FF-B14A-41DD-8145-4467AE1045A3}.Release|iPhone.Deploy.0 = Release|x86
		{60BAD1FF-B14A-41DD-8145-4467AE1045A3}.Release|iPhoneSimulator.ActiveCfg = Release|x86
		{60BAD1FF-B14A-41DD-8145-4467AE1045A3}.Release|iPhoneSimulator.Build.0 = Release|x86
		{60BAD1FF-B14A-41DD-8145-4467AE1045A3}.Release|iPhoneSimulator.Deploy.0 = Release|x86
		{60BAD1FF-B14A-41DD-8145-4467AE1045A3}.Release|x64.ActiveCfg = Release|x64
		{60BAD1FF-B14A-41DD-8145-4467AE1045A3}.Release|x64.Build.0 = Release|x64
		{60BAD1FF-B14A-41DD-8145-4467AE1045A3}.Release|x64.Deploy.0 = Release|x64
		{60BAD1FF-B14A-41DD-8145-4467AE1045A3}.Release|x86.ActiveCfg = Release|x86
		{60BAD1FF-B14A-41DD-8145-4467AE1045A3}.Release|x86.Build.0 = Release|x86
		{60BAD1FF-B14A-41DD-8145-4467AE1045A3}.Release|x86.Deploy.0 = Release|x86
		{77F2FDF9-5148-4909-B936-91EAAFF325A0}.Debug|Any CPU.ActiveCfg = Debug|Any CPU
		{77F2FDF9-5148-4909-B936-91EAAFF325A0}.Debug|Any CPU.Build.0 = Debug|Any CPU
		{77F2FDF9-5148-4909-B936-91EAAFF325A0}.Debug|Any CPU.Deploy.0 = Debug|Any CPU
		{77F2FDF9-5148-4909-B936-91EAAFF325A0}.Debug|ARM.ActiveCfg = Debug|Any CPU
		{77F2FDF9-5148-4909-B936-91EAAFF325A0}.Debug|ARM.Build.0 = Debug|Any CPU
		{77F2FDF9-5148-4909-B936-91EAAFF325A0}.Debug|ARM.Deploy.0 = Debug|Any CPU
		{77F2FDF9-5148-4909-B936-91EAAFF325A0}.Debug|iPhone.ActiveCfg = Debug|Any CPU
		{77F2FDF9-5148-4909-B936-91EAAFF325A0}.Debug|iPhone.Build.0 = Debug|Any CPU
		{77F2FDF9-5148-4909-B936-91EAAFF325A0}.Debug|iPhone.Deploy.0 = Debug|Any CPU
		{77F2FDF9-5148-4909-B936-91EAAFF325A0}.Debug|iPhoneSimulator.ActiveCfg = Debug|Any CPU
		{77F2FDF9-5148-4909-B936-91EAAFF325A0}.Debug|iPhoneSimulator.Build.0 = Debug|Any CPU
		{77F2FDF9-5148-4909-B936-91EAAFF325A0}.Debug|iPhoneSimulator.Deploy.0 = Debug|Any CPU
		{77F2FDF9-5148-4909-B936-91EAAFF325A0}.Debug|x64.ActiveCfg = Debug|Any CPU
		{77F2FDF9-5148-4909-B936-91EAAFF325A0}.Debug|x64.Build.0 = Debug|Any CPU
		{77F2FDF9-5148-4909-B936-91EAAFF325A0}.Debug|x64.Deploy.0 = Debug|Any CPU
		{77F2FDF9-5148-4909-B936-91EAAFF325A0}.Debug|x86.ActiveCfg = Debug|Any CPU
		{77F2FDF9-5148-4909-B936-91EAAFF325A0}.Debug|x86.Build.0 = Debug|Any CPU
		{77F2FDF9-5148-4909-B936-91EAAFF325A0}.Debug|x86.Deploy.0 = Debug|Any CPU
		{77F2FDF9-5148-4909-B936-91EAAFF325A0}.Release|Any CPU.ActiveCfg = Release|Any CPU
		{77F2FDF9-5148-4909-B936-91EAAFF325A0}.Release|Any CPU.Build.0 = Release|Any CPU
		{77F2FDF9-5148-4909-B936-91EAAFF325A0}.Release|Any CPU.Deploy.0 = Release|Any CPU
		{77F2FDF9-5148-4909-B936-91EAAFF325A0}.Release|ARM.ActiveCfg = Release|Any CPU
		{77F2FDF9-5148-4909-B936-91EAAFF325A0}.Release|ARM.Build.0 = Release|Any CPU
		{77F2FDF9-5148-4909-B936-91EAAFF325A0}.Release|ARM.Deploy.0 = Release|Any CPU
		{77F2FDF9-5148-4909-B936-91EAAFF325A0}.Release|iPhone.ActiveCfg = Release|Any CPU
		{77F2FDF9-5148-4909-B936-91EAAFF325A0}.Release|iPhone.Build.0 = Release|Any CPU
		{77F2FDF9-5148-4909-B936-91EAAFF325A0}.Release|iPhone.Deploy.0 = Release|Any CPU
		{77F2FDF9-5148-4909-B936-91EAAFF325A0}.Release|iPhoneSimulator.ActiveCfg = Release|Any CPU
		{77F2FDF9-5148-4909-B936-91EAAFF325A0}.Release|iPhoneSimulator.Build.0 = Release|Any CPU
		{77F2FDF9-5148-4909-B936-91EAAFF325A0}.Release|iPhoneSimulator.Deploy.0 = Release|Any CPU
		{77F2FDF9-5148-4909-B936-91EAAFF325A0}.Release|x64.ActiveCfg = Release|Any CPU
		{77F2FDF9-5148-4909-B936-91EAAFF325A0}.Release|x64.Build.0 = Release|Any CPU
		{77F2FDF9-5148-4909-B936-91EAAFF325A0}.Release|x64.Deploy.0 = Release|Any CPU
		{77F2FDF9-5148-4909-B936-91EAAFF325A0}.Release|x86.ActiveCfg = Release|Any CPU
		{77F2FDF9-5148-4909-B936-91EAAFF325A0}.Release|x86.Build.0 = Release|Any CPU
		{77F2FDF9-5148-4909-B936-91EAAFF325A0}.Release|x86.Deploy.0 = Release|Any CPU
		{C412DC2A-EC90-47AF-A04A-E4606C5F8A4F}.Debug|Any CPU.ActiveCfg = Debug|iPhone
		{C412DC2A-EC90-47AF-A04A-E4606C5F8A4F}.Debug|Any CPU.Build.0 = Debug|iPhone
		{C412DC2A-EC90-47AF-A04A-E4606C5F8A4F}.Debug|Any CPU.Deploy.0 = Debug|iPhone
		{C412DC2A-EC90-47AF-A04A-E4606C5F8A4F}.Debug|ARM.ActiveCfg = Debug|iPhoneSimulator
		{C412DC2A-EC90-47AF-A04A-E4606C5F8A4F}.Debug|ARM.Build.0 = Debug|iPhoneSimulator
		{C412DC2A-EC90-47AF-A04A-E4606C5F8A4F}.Debug|ARM.Deploy.0 = Debug|iPhoneSimulator
		{C412DC2A-EC90-47AF-A04A-E4606C5F8A4F}.Debug|iPhone.ActiveCfg = Debug|iPhone
		{C412DC2A-EC90-47AF-A04A-E4606C5F8A4F}.Debug|iPhone.Build.0 = Debug|iPhone
		{C412DC2A-EC90-47AF-A04A-E4606C5F8A4F}.Debug|iPhone.Deploy.0 = Debug|iPhone
		{C412DC2A-EC90-47AF-A04A-E4606C5F8A4F}.Debug|iPhoneSimulator.ActiveCfg = Debug|iPhoneSimulator
		{C412DC2A-EC90-47AF-A04A-E4606C5F8A4F}.Debug|iPhoneSimulator.Build.0 = Debug|iPhoneSimulator
		{C412DC2A-EC90-47AF-A04A-E4606C5F8A4F}.Debug|iPhoneSimulator.Deploy.0 = Debug|iPhoneSimulator
		{C412DC2A-EC90-47AF-A04A-E4606C5F8A4F}.Debug|x64.ActiveCfg = Debug|iPhone
		{C412DC2A-EC90-47AF-A04A-E4606C5F8A4F}.Debug|x64.Build.0 = Debug|iPhone
		{C412DC2A-EC90-47AF-A04A-E4606C5F8A4F}.Debug|x64.Deploy.0 = Debug|iPhone
		{C412DC2A-EC90-47AF-A04A-E4606C5F8A4F}.Debug|x86.ActiveCfg = Debug|iPhone
		{C412DC2A-EC90-47AF-A04A-E4606C5F8A4F}.Debug|x86.Build.0 = Debug|iPhone
		{C412DC2A-EC90-47AF-A04A-E4606C5F8A4F}.Debug|x86.Deploy.0 = Debug|iPhone
		{C412DC2A-EC90-47AF-A04A-E4606C5F8A4F}.Release|Any CPU.ActiveCfg = Release|iPhone
		{C412DC2A-EC90-47AF-A04A-E4606C5F8A4F}.Release|Any CPU.Build.0 = Release|iPhone
		{C412DC2A-EC90-47AF-A04A-E4606C5F8A4F}.Release|Any CPU.Deploy.0 = Release|iPhone
		{C412DC2A-EC90-47AF-A04A-E4606C5F8A4F}.Release|ARM.ActiveCfg = Release|iPhone
		{C412DC2A-EC90-47AF-A04A-E4606C5F8A4F}.Release|ARM.Build.0 = Release|iPhone
		{C412DC2A-EC90-47AF-A04A-E4606C5F8A4F}.Release|ARM.Deploy.0 = Release|iPhone
		{C412DC2A-EC90-47AF-A04A-E4606C5F8A4F}.Release|iPhone.ActiveCfg = Release|iPhone
		{C412DC2A-EC90-47AF-A04A-E4606C5F8A4F}.Release|iPhone.Build.0 = Release|iPhone
		{C412DC2A-EC90-47AF-A04A-E4606C5F8A4F}.Release|iPhone.Deploy.0 = Release|iPhone
		{C412DC2A-EC90-47AF-A04A-E4606C5F8A4F}.Release|iPhoneSimulator.ActiveCfg = Release|iPhoneSimulator
		{C412DC2A-EC90-47AF-A04A-E4606C5F8A4F}.Release|iPhoneSimulator.Build.0 = Release|iPhoneSimulator
		{C412DC2A-EC90-47AF-A04A-E4606C5F8A4F}.Release|iPhoneSimulator.Deploy.0 = Release|iPhoneSimulator
		{C412DC2A-EC90-47AF-A04A-E4606C5F8A4F}.Release|x64.ActiveCfg = Release|iPhone
		{C412DC2A-EC90-47AF-A04A-E4606C5F8A4F}.Release|x64.Build.0 = Release|iPhone
		{C412DC2A-EC90-47AF-A04A-E4606C5F8A4F}.Release|x64.Deploy.0 = Release|iPhone
		{C412DC2A-EC90-47AF-A04A-E4606C5F8A4F}.Release|x86.ActiveCfg = Release|iPhone
		{C412DC2A-EC90-47AF-A04A-E4606C5F8A4F}.Release|x86.Build.0 = Release|iPhone
		{C412DC2A-EC90-47AF-A04A-E4606C5F8A4F}.Release|x86.Deploy.0 = Release|iPhone
		{44979B54-5E7B-4183-89BE-1462DEE11D93}.Debug|Any CPU.ActiveCfg = Debug|Any CPU
		{44979B54-5E7B-4183-89BE-1462DEE11D93}.Debug|Any CPU.Build.0 = Debug|Any CPU
		{44979B54-5E7B-4183-89BE-1462DEE11D93}.Debug|Any CPU.Deploy.0 = Debug|Any CPU
		{44979B54-5E7B-4183-89BE-1462DEE11D93}.Debug|ARM.ActiveCfg = Debug|Any CPU
		{44979B54-5E7B-4183-89BE-1462DEE11D93}.Debug|ARM.Build.0 = Debug|Any CPU
		{44979B54-5E7B-4183-89BE-1462DEE11D93}.Debug|ARM.Deploy.0 = Debug|Any CPU
		{44979B54-5E7B-4183-89BE-1462DEE11D93}.Debug|iPhone.ActiveCfg = Debug|Any CPU
		{44979B54-5E7B-4183-89BE-1462DEE11D93}.Debug|iPhone.Build.0 = Debug|Any CPU
		{44979B54-5E7B-4183-89BE-1462DEE11D93}.Debug|iPhone.Deploy.0 = Debug|Any CPU
		{44979B54-5E7B-4183-89BE-1462DEE11D93}.Debug|iPhoneSimulator.ActiveCfg = Debug|Any CPU
		{44979B54-5E7B-4183-89BE-1462DEE11D93}.Debug|iPhoneSimulator.Build.0 = Debug|Any CPU
		{44979B54-5E7B-4183-89BE-1462DEE11D93}.Debug|iPhoneSimulator.Deploy.0 = Debug|Any CPU
		{44979B54-5E7B-4183-89BE-1462DEE11D93}.Debug|x64.ActiveCfg = Debug|Any CPU
		{44979B54-5E7B-4183-89BE-1462DEE11D93}.Debug|x64.Build.0 = Debug|Any CPU
		{44979B54-5E7B-4183-89BE-1462DEE11D93}.Debug|x64.Deploy.0 = Debug|Any CPU
		{44979B54-5E7B-4183-89BE-1462DEE11D93}.Debug|x86.ActiveCfg = Debug|Any CPU
		{44979B54-5E7B-4183-89BE-1462DEE11D93}.Debug|x86.Build.0 = Debug|Any CPU
		{44979B54-5E7B-4183-89BE-1462DEE11D93}.Debug|x86.Deploy.0 = Debug|Any CPU
		{44979B54-5E7B-4183-89BE-1462DEE11D93}.Release|Any CPU.ActiveCfg = Release|Any CPU
		{44979B54-5E7B-4183-89BE-1462DEE11D93}.Release|Any CPU.Build.0 = Release|Any CPU
		{44979B54-5E7B-4183-89BE-1462DEE11D93}.Release|Any CPU.Deploy.0 = Release|Any CPU
		{44979B54-5E7B-4183-89BE-1462DEE11D93}.Release|ARM.ActiveCfg = Release|Any CPU
		{44979B54-5E7B-4183-89BE-1462DEE11D93}.Release|ARM.Build.0 = Release|Any CPU
		{44979B54-5E7B-4183-89BE-1462DEE11D93}.Release|ARM.Deploy.0 = Release|Any CPU
		{44979B54-5E7B-4183-89BE-1462DEE11D93}.Release|iPhone.ActiveCfg = Release|Any CPU
		{44979B54-5E7B-4183-89BE-1462DEE11D93}.Release|iPhone.Build.0 = Release|Any CPU
		{44979B54-5E7B-4183-89BE-1462DEE11D93}.Release|iPhone.Deploy.0 = Release|Any CPU
		{44979B54-5E7B-4183-89BE-1462DEE11D93}.Release|iPhoneSimulator.ActiveCfg = Release|Any CPU
		{44979B54-5E7B-4183-89BE-1462DEE11D93}.Release|iPhoneSimulator.Build.0 = Release|Any CPU
		{44979B54-5E7B-4183-89BE-1462DEE11D93}.Release|iPhoneSimulator.Deploy.0 = Release|Any CPU
		{44979B54-5E7B-4183-89BE-1462DEE11D93}.Release|x64.ActiveCfg = Release|Any CPU
		{44979B54-5E7B-4183-89BE-1462DEE11D93}.Release|x64.Build.0 = Release|Any CPU
		{44979B54-5E7B-4183-89BE-1462DEE11D93}.Release|x64.Deploy.0 = Release|Any CPU
		{44979B54-5E7B-4183-89BE-1462DEE11D93}.Release|x86.ActiveCfg = Release|Any CPU
		{44979B54-5E7B-4183-89BE-1462DEE11D93}.Release|x86.Build.0 = Release|Any CPU
		{44979B54-5E7B-4183-89BE-1462DEE11D93}.Release|x86.Deploy.0 = Release|Any CPU
	EndGlobalSection
	GlobalSection(SolutionProperties) = preSolution
		HideSolutionNode = FALSE
	EndGlobalSection
	GlobalSection(ExtensibilityGlobals) = postSolution
		SolutionGuid = {97DF6883-4EF5-474F-A1B9-DD2D75F29FB8}
	EndGlobalSection
EndGlobal
